
Microsoft Visual Studio Solution File, Format Version 12.00
# Visual Studio 14
VisualStudioVersion = 14.0.23107.0
MinimumVisualStudioVersion = 10.0.40219.1
Project("{2150E333-8FDC-42A3-9474-1A3956D46DE8}") = "src", "src", "{5272CD39-64D7-46FE-95CB-37943D166455}"
EndProject
Project("{2150E333-8FDC-42A3-9474-1A3956D46DE8}") = "Solution Items", "Solution Items", "{EB0B0E87-DB0F-4684-A519-3F8CA4C312DB}"
	ProjectSection(SolutionItems) = preProject
		.gitignore = .gitignore
		global.json = global.json
	EndProjectSection
EndProject
Project("{8BB2217D-0F2D-49D1-97BC-3654ED321F3B}") = "NPress.Web", "src\NPress.Web\NPress.Web.xproj", "{076B6050-C7EE-46DF-BD1D-C98B543A9E97}"
EndProject
Project("{8BB2217D-0F2D-49D1-97BC-3654ED321F3B}") = "NPress.Business", "src\NPress.Business\NPress.Business.xproj", "{B266C458-EF9C-4CB8-93CF-95BE73E67C04}"
EndProject
Project("{8BB2217D-0F2D-49D1-97BC-3654ED321F3B}") = "NPress.Data", "src\NPress.Data\NPress.Data.xproj", "{6A3F151D-2E6C-4046-BF2E-9DFA6C09C1CB}"
EndProject
Project("{2150E333-8FDC-42A3-9474-1A3956D46DE8}") = "test", "test", "{FED3592D-D3FD-4DCA-917D-A6F534361258}"
EndProject
Project("{8BB2217D-0F2D-49D1-97BC-3654ED321F3B}") = "NPress.Business.Test", "test\NPress.Business.Test\NPress.Business.Test.xproj", "{518F21AB-4F6A-4567-BE2C-B12E472AEA3F}"
EndProject
Project("{8BB2217D-0F2D-49D1-97BC-3654ED321F3B}") = "NPress.Data.Test", "test\NPress.Data.Test\NPress.Data.Test.xproj", "{7B4949CC-AE28-4D53-A16B-80AA5ED8608D}"
EndProject
Project("{00D1A9C2-B5F0-4AF3-8072-F6C62B433612}") = "NPress.Sql", "NPress.Sql\NPress.Sql.sqlproj", "{BB2198C9-FA02-4F7E-919F-7F502826E999}"
EndProject
Global
	GlobalSection(SolutionConfigurationPlatforms) = preSolution
		Debug|Any CPU = Debug|Any CPU
		Release|Any CPU = Release|Any CPU
	EndGlobalSection
	GlobalSection(ProjectConfigurationPlatforms) = postSolution
		{076B6050-C7EE-46DF-BD1D-C98B543A9E97}.Debug|Any CPU.ActiveCfg = Debug|Any CPU
		{076B6050-C7EE-46DF-BD1D-C98B543A9E97}.Debug|Any CPU.Build.0 = Debug|Any CPU
		{076B6050-C7EE-46DF-BD1D-C98B543A9E97}.Release|Any CPU.ActiveCfg = Release|Any CPU
		{076B6050-C7EE-46DF-BD1D-C98B543A9E97}.Release|Any CPU.Build.0 = Release|Any CPU
		{B266C458-EF9C-4CB8-93CF-95BE73E67C04}.Debug|Any CPU.ActiveCfg = Debug|Any CPU
		{B266C458-EF9C-4CB8-93CF-95BE73E67C04}.Debug|Any CPU.Build.0 = Debug|Any CPU
		{B266C458-EF9C-4CB8-93CF-95BE73E67C04}.Release|Any CPU.ActiveCfg = Release|Any CPU
		{B266C458-EF9C-4CB8-93CF-95BE73E67C04}.Release|Any CPU.Build.0 = Release|Any CPU
		{6A3F151D-2E6C-4046-BF2E-9DFA6C09C1CB}.Debug|Any CPU.ActiveCfg = Debug|Any CPU
		{6A3F151D-2E6C-4046-BF2E-9DFA6C09C1CB}.Debug|Any CPU.Build.0 = Debug|Any CPU
		{6A3F151D-2E6C-4046-BF2E-9DFA6C09C1CB}.Release|Any CPU.ActiveCfg = Release|Any CPU
		{6A3F151D-2E6C-4046-BF2E-9DFA6C09C1CB}.Release|Any CPU.Build.0 = Release|Any CPU
		{518F21AB-4F6A-4567-BE2C-B12E472AEA3F}.Debug|Any CPU.ActiveCfg = Debug|Any CPU
		{518F21AB-4F6A-4567-BE2C-B12E472AEA3F}.Debug|Any CPU.Build.0 = Debug|Any CPU
		{518F21AB-4F6A-4567-BE2C-B12E472AEA3F}.Release|Any CPU.ActiveCfg = Release|Any CPU
		{518F21AB-4F6A-4567-BE2C-B12E472AEA3F}.Release|Any CPU.Build.0 = Release|Any CPU
		{7B4949CC-AE28-4D53-A16B-80AA5ED8608D}.Debug|Any CPU.ActiveCfg = Debug|Any CPU
		{7B4949CC-AE28-4D53-A16B-80AA5ED8608D}.Debug|Any CPU.Build.0 = Debug|Any CPU
		{7B4949CC-AE28-4D53-A16B-80AA5ED8608D}.Release|Any CPU.ActiveCfg = Release|Any CPU
		{7B4949CC-AE28-4D53-A16B-80AA5ED8608D}.Release|Any CPU.Build.0 = Release|Any CPU
		{BB2198C9-FA02-4F7E-919F-7F502826E999}.Debug|Any CPU.ActiveCfg = Debug|Any CPU
		{BB2198C9-FA02-4F7E-919F-7F502826E999}.Debug|Any CPU.Build.0 = Debug|Any CPU
		{BB2198C9-FA02-4F7E-919F-7F502826E999}.Debug|Any CPU.Deploy.0 = Debug|Any CPU
		{BB2198C9-FA02-4F7E-919F-7F502826E999}.Release|Any CPU.ActiveCfg = Release|Any CPU
		{BB2198C9-FA02-4F7E-919F-7F502826E999}.Release|Any CPU.Build.0 = Release|Any CPU
		{BB2198C9-FA02-4F7E-919F-7F502826E999}.Release|Any CPU.Deploy.0 = Release|Any CPU
	EndGlobalSection
	GlobalSection(SolutionProperties) = preSolution
		HideSolutionNode = FALSE
	EndGlobalSection
	GlobalSection(NestedProjects) = preSolution
		{076B6050-C7EE-46DF-BD1D-C98B543A9E97} = {5272CD39-64D7-46FE-95CB-37943D166455}
		{B266C458-EF9C-4CB8-93CF-95BE73E67C04} = {5272CD39-64D7-46FE-95CB-37943D166455}
		{6A3F151D-2E6C-4046-BF2E-9DFA6C09C1CB} = {5272CD39-64D7-46FE-95CB-37943D166455}
		{518F21AB-4F6A-4567-BE2C-B12E472AEA3F} = {FED3592D-D3FD-4DCA-917D-A6F534361258}
		{7B4949CC-AE28-4D53-A16B-80AA5ED8608D} = {FED3592D-D3FD-4DCA-917D-A6F534361258}
		{BB2198C9-FA02-4F7E-919F-7F502826E999} = {5272CD39-64D7-46FE-95CB-37943D166455}
	EndGlobalSection
EndGlobal
